// !$*UTF8*$!
{
	archiveVersion = 1;
	classes = {
	};
	objectVersion = 55;
	objects = {

/* Begin PBXBuildFile section */
		5F849BCB29004178007754B8 /* AppDelegate.swift in Sources */ = {isa = PBXBuildFile; fileRef = 5F849BCA29004178007754B8 /* AppDelegate.swift */; };
		5F849BCD29004178007754B8 /* SceneDelegate.swift in Sources */ = {isa = PBXBuildFile; fileRef = 5F849BCC29004178007754B8 /* SceneDelegate.swift */; };
		5F849BCF29004178007754B8 /* ViewController.swift in Sources */ = {isa = PBXBuildFile; fileRef = 5F849BCE29004178007754B8 /* ViewController.swift */; };
		5F849BD229004178007754B8 /* Main.storyboard in Resources */ = {isa = PBXBuildFile; fileRef = 5F849BD029004178007754B8 /* Main.storyboard */; };
		5F849BD429004178007754B8 /* Assets.xcassets in Resources */ = {isa = PBXBuildFile; fileRef = 5F849BD329004178007754B8 /* Assets.xcassets */; };
		5F849BD729004178007754B8 /* LaunchScreen.storyboard in Resources */ = {isa = PBXBuildFile; fileRef = 5F849BD529004178007754B8 /* LaunchScreen.storyboard */; };
		5F849BE229004178007754B8 /* Display_A_NumberTests.swift in Sources */ = {isa = PBXBuildFile; fileRef = 5F849BE129004178007754B8 /* Display_A_NumberTests.swift */; };
		5F849BEC29004179007754B8 /* Display_A_NumberUITests.swift in Sources */ = {isa = PBXBuildFile; fileRef = 5F849BEB29004179007754B8 /* Display_A_NumberUITests.swift */; };
		5F849BEE29004179007754B8 /* Display_A_NumberUITestsLaunchTests.swift in Sources */ = {isa = PBXBuildFile; fileRef = 5F849BED29004179007754B8 /* Display_A_NumberUITestsLaunchTests.swift */; };
/* End PBXBuildFile section */

/* Begin PBXContainerItemProxy section */
		5F849BDE29004178007754B8 /* PBXContainerItemProxy */ = {
			isa = PBXContainerItemProxy;
			containerPortal = 5F849BBF29004178007754B8 /* Project object */;
			proxyType = 1;
			remoteGlobalIDString = 5F849BC629004178007754B8;
			remoteInfo = "Display A Number";
		};
		5F849BE829004179007754B8 /* PBXContainerItemProxy */ = {
			isa = PBXContainerItemProxy;
			containerPortal = 5F849BBF29004178007754B8 /* Project object */;
			proxyType = 1;
			remoteGlobalIDString = 5F849BC629004178007754B8;
			remoteInfo = "Display A Number";
		};
/* End PBXContainerItemProxy section */

/* Begin PBXFileReference section */
		5F849BC729004178007754B8 /* Display A Number.app */ = {isa = PBXFileReference; explicitFileType = wrapper.application; includeInIndex = 0; path = "Display A Number.app"; sourceTree = BUILT_PRODUCTS_DIR; };
		5F849BCA29004178007754B8 /* AppDelegate.swift */ = {isa = PBXFileReference; lastKnownFileType = sourcecode.swift; path = AppDelegate.swift; sourceTree = "<group>"; };
		5F849BCC29004178007754B8 /* SceneDelegate.swift */ = {isa = PBXFileReference; lastKnownFileType = sourcecode.swift; path = SceneDelegate.swift; sourceTree = "<group>"; };
		5F849BCE29004178007754B8 /* ViewController.swift */ = {isa = PBXFileReference; lastKnownFileType = sourcecode.swift; path = ViewController.swift; sourceTree = "<group>"; };
		5F849BD129004178007754B8 /* Base */ = {isa = PBXFileReference; lastKnownFileType = file.storyboard; name = Base; path = Base.lproj/Main.storyboard; sourceTree = "<group>"; };
		5F849BD329004178007754B8 /* Assets.xcassets */ = {isa = PBXFileReference; lastKnownFileType = folder.assetcatalog; path = Assets.xcassets; sourceTree = "<group>"; };
		5F849BD629004178007754B8 /* Base */ = {isa = PBXFileReference; lastKnownFileType = file.storyboard; name = Base; path = Base.lproj/LaunchScreen.storyboard; sourceTree = "<group>"; };
		5F849BD829004178007754B8 /* Info.plist */ = {isa = PBXFileReference; lastKnownFileType = text.plist.xml; path = Info.plist; sourceTree = "<group>"; };
		5F849BDD29004178007754B8 /* Display A NumberTests.xctest */ = {isa = PBXFileReference; explicitFileType = wrapper.cfbundle; includeInIndex = 0; path = "Display A NumberTests.xctest"; sourceTree = BUILT_PRODUCTS_DIR; };
		5F849BE129004178007754B8 /* Display_A_NumberTests.swift */ = {isa = PBXFileReference; lastKnownFileType = sourcecode.swift; path = Display_A_NumberTests.swift; sourceTree = "<group>"; };
		5F849BE729004179007754B8 /* Display A NumberUITests.xctest */ = {isa = PBXFileReference; explicitFileType = wrapper.cfbundle; includeInIndex = 0; path = "Display A NumberUITests.xctest"; sourceTree = BUILT_PRODUCTS_DIR; };
		5F849BEB29004179007754B8 /* Display_A_NumberUITests.swift */ = {isa = PBXFileReference; lastKnownFileType = sourcecode.swift; path = Display_A_NumberUITests.swift; sourceTree = "<group>"; };
		5F849BED29004179007754B8 /* Display_A_NumberUITestsLaunchTests.swift */ = {isa = PBXFileReference; lastKnownFileType = sourcecode.swift; path = Display_A_NumberUITestsLaunchTests.swift; sourceTree = "<group>"; };
/* End PBXFileReference section */

/* Begin PBXFrameworksBuildPhase section */
		5F849BC429004178007754B8 /* Frameworks */ = {
			isa = PBXFrameworksBuildPhase;
			buildActionMask = 2147483647;
			files = (
			);
			runOnlyForDeploymentPostprocessing = 0;
		};
		5F849BDA29004178007754B8 /* Frameworks */ = {
			isa = PBXFrameworksBuildPhase;
			buildActionMask = 2147483647;
			files = (
			);
			runOnlyForDeploymentPostprocessing = 0;
		};
		5F849BE429004179007754B8 /* Frameworks */ = {
			isa = PBXFrameworksBuildPhase;
			buildActionMask = 2147483647;
			files = (
			);
			runOnlyForDeploymentPostprocessing = 0;
		};
/* End PBXFrameworksBuildPhase section */

/* Begin PBXGroup section */
		5F849BBE29004178007754B8 = {
			isa = PBXGroup;
			children = (
				5F849BC929004178007754B8 /* Display A Number */,
				5F849BE029004178007754B8 /* Display A NumberTests */,
				5F849BEA29004179007754B8 /* Display A NumberUITests */,
				5F849BC829004178007754B8 /* Products */,
			);
			sourceTree = "<group>";
		};
		5F849BC829004178007754B8 /* Products */ = {
			isa = PBXGroup;
			children = (
				5F849BC729004178007754B8 /* Display A Number.app */,
				5F849BDD29004178007754B8 /* Display A NumberTests.xctest */,
				5F849BE729004179007754B8 /* Display A NumberUITests.xctest */,
			);
			name = Products;
			sourceTree = "<group>";
		};
		5F849BC929004178007754B8 /* Display A Number */ = {
			isa = PBXGroup;
			children = (
				5F849BCA29004178007754B8 /* AppDelegate.swift */,
				5F849BCC29004178007754B8 /* SceneDelegate.swift */,
				5F849BCE29004178007754B8 /* ViewController.swift */,
				5F849BD029004178007754B8 /* Main.storyboard */,
				5F849BD329004178007754B8 /* Assets.xcassets */,
				5F849BD529004178007754B8 /* LaunchScreen.storyboard */,
				5F849BD829004178007754B8 /* Info.plist */,
			);
			path = "Display A Number";
			sourceTree = "<group>";
		};
		5F849BE029004178007754B8 /* Display A NumberTests */ = {
			isa = PBXGroup;
			children = (
				5F849BE129004178007754B8 /* Display_A_NumberTests.swift */,
			);
			path = "Display A NumberTests";
			sourceTree = "<group>";
		};
		5F849BEA29004179007754B8 /* Display A NumberUITests */ = {
			isa = PBXGroup;
			children = (
				5F849BEB29004179007754B8 /* Display_A_NumberUITests.swift */,
				5F849BED29004179007754B8 /* Display_A_NumberUITestsLaunchTests.swift */,
			);
			path = "Display A NumberUITests";
			sourceTree = "<group>";
		};
/* End PBXGroup section */

/* Begin PBXNativeTarget section */
		5F849BC629004178007754B8 /* Display A Number */ = {
			isa = PBXNativeTarget;
			buildConfigurationList = 5F849BF129004179007754B8 /* Build configuration list for PBXNativeTarget "Display A Number" */;
			buildPhases = (
				5F849BC329004178007754B8 /* Sources */,
				5F849BC429004178007754B8 /* Frameworks */,
				5F849BC529004178007754B8 /* Resources */,
			);
			buildRules = (
			);
			dependencies = (
			);
			name = "Display A Number";
			productName = "Display A Number";
			productReference = 5F849BC729004178007754B8 /* Display A Number.app */;
			productType = "com.apple.product-type.application";
		};
		5F849BDC29004178007754B8 /* Display A NumberTests */ = {
			isa = PBXNativeTarget;
			buildConfigurationList = 5F849BF429004179007754B8 /* Build configuration list for PBXNativeTarget "Display A NumberTests" */;
			buildPhases = (
				5F849BD929004178007754B8 /* Sources */,
				5F849BDA29004178007754B8 /* Frameworks */,
				5F849BDB29004178007754B8 /* Resources */,
			);
			buildRules = (
			);
			dependencies = (
				5F849BDF29004178007754B8 /* PBXTargetDependency */,
			);
			name = "Display A NumberTests";
			productName = "Display A NumberTests";
			productReference = 5F849BDD29004178007754B8 /* Display A NumberTests.xctest */;
			productType = "com.apple.product-type.bundle.unit-test";
		};
		5F849BE629004179007754B8 /* Display A NumberUITests */ = {
			isa = PBXNativeTarget;
			buildConfigurationList = 5F849BF729004179007754B8 /* Build configuration list for PBXNativeTarget "Display A NumberUITests" */;
			buildPhases = (
				5F849BE329004179007754B8 /* Sources */,
				5F849BE429004179007754B8 /* Frameworks */,
				5F849BE529004179007754B8 /* Resources */,
			);
			buildRules = (
			);
			dependencies = (
				5F849BE929004179007754B8 /* PBXTargetDependency */,
			);
			name = "Display A NumberUITests";
			productName = "Display A NumberUITests";
			productReference = 5F849BE729004179007754B8 /* Display A NumberUITests.xctest */;
			productType = "com.apple.product-type.bundle.ui-testing";
		};
/* End PBXNativeTarget section */

/* Begin PBXProject section */
		5F849BBF29004178007754B8 /* Project object */ = {
			isa = PBXProject;
			attributes = {
				BuildIndependentTargetsInParallel = 1;
				LastSwiftUpdateCheck = 1340;
				LastUpgradeCheck = 1340;
				TargetAttributes = {
					5F849BC629004178007754B8 = {
						CreatedOnToolsVersion = 13.4.1;
					};
					5F849BDC29004178007754B8 = {
						CreatedOnToolsVersion = 13.4.1;
						TestTargetID = 5F849BC629004178007754B8;
					};
					5F849BE629004179007754B8 = {
						CreatedOnToolsVersion = 13.4.1;
						TestTargetID = 5F849BC629004178007754B8;
					};
				};
			};
			buildConfigurationList = 5F849BC229004178007754B8 /* Build configuration list for PBXProject "Display A Number" */;
			compatibilityVersion = "Xcode 13.0";
			developmentRegion = en;
			hasScannedForEncodings = 0;
			knownRegions = (
				en,
				Base,
			);
			mainGroup = 5F849BBE29004178007754B8;
			productRefGroup = 5F849BC829004178007754B8 /* Products */;
			projectDirPath = "";
			projectRoot = "";
			targets = (
				5F849BC629004178007754B8 /* Display A Number */,
				5F849BDC29004178007754B8 /* Display A NumberTests */,
				5F849BE629004179007754B8 /* Display A NumberUITests */,
			);
		};
/* End PBXProject section */

/* Begin PBXResourcesBuildPhase section */
		5F849BC529004178007754B8 /* Resources */ = {
			isa = PBXResourcesBuildPhase;
			buildActionMask = 2147483647;
			files = (
				5F849BD729004178007754B8 /* LaunchScreen.storyboard in Resources */,
				5F849BD429004178007754B8 /* Assets.xcassets in Resources */,
				5F849BD229004178007754B8 /* Main.storyboard in Resources */,
			);
			runOnlyForDeploymentPostprocessing = 0;
		};
		5F849BDB29004178007754B8 /* Resources */ = {
			isa = PBXResourcesBuildPhase;
			buildActionMask = 2147483647;
			files = (
			);
			runOnlyForDeploymentPostprocessing = 0;
		};
		5F849BE529004179007754B8 /* Resources */ = {
			isa = PBXResourcesBuildPhase;
			buildActionMask = 2147483647;
			files = (
			);
			runOnlyForDeploymentPostprocessing = 0;
		};
/* End PBXResourcesBuildPhase section */

/* Begin PBXSourcesBuildPhase section */
		5F849BC329004178007754B8 /* Sources */ = {
			isa = PBXSourcesBuildPhase;
			buildActionMask = 2147483647;
			files = (
				5F849BCF29004178007754B8 /* ViewController.swift in Sources */,
				5F849BCB29004178007754B8 /* AppDelegate.swift in Sources */,
				5F849BCD29004178007754B8 /* SceneDelegate.swift in Sources */,
			);
			runOnlyForDeploymentPostprocessing = 0;
		};
		5F849BD929004178007754B8 /* Sources */ = {
			isa = PBXSourcesBuildPhase;
			buildActionMask = 2147483647;
			files = (
				5F849BE229004178007754B8 /* Display_A_NumberTests.swift in Sources */,
			);
			runOnlyForDeploymentPostprocessing = 0;
		};
		5F849BE329004179007754B8 /* Sources */ = {
			isa = PBXSourcesBuildPhase;
			buildActionMask = 2147483647;
			files = (
				5F849BEE29004179007754B8 /* Display_A_NumberUITestsLaunchTests.swift in Sources */,
				5F849BEC29004179007754B8 /* Display_A_NumberUITests.swift in Sources */,
			);
			runOnlyForDeploymentPostprocessing = 0;
		};
/* End PBXSourcesBuildPhase section */

/* Begin PBXTargetDependency section */
		5F849BDF29004178007754B8 /* PBXTargetDependency */ = {
			isa = PBXTargetDependency;
			target = 5F849BC629004178007754B8 /* Display A Number */;
			targetProxy = 5F849BDE29004178007754B8 /* PBXContainerItemProxy */;
		};
		5F849BE929004179007754B8 /* PBXTargetDependency */ = {
			isa = PBXTargetDependency;
			target = 5F849BC629004178007754B8 /* Display A Number */;
			targetProxy = 5F849BE829004179007754B8 /* PBXContainerItemProxy */;
		};
/* End PBXTargetDependency section */

/* Begin PBXVariantGroup section */
		5F849BD029004178007754B8 /* Main.storyboard */ = {
			isa = PBXVariantGroup;
			children = (
				5F849BD129004178007754B8 /* Base */,
			);
			name = Main.storyboard;
			sourceTree = "<group>";
		};
		5F849BD529004178007754B8 /* LaunchScreen.storyboard */ = {
			isa = PBXVariantGroup;
			children = (
				5F849BD629004178007754B8 /* Base */,
			);
			name = LaunchScreen.storyboard;
			sourceTree = "<group>";
		};
/* End PBXVariantGroup section */

/* Begin XCBuildConfiguration section */
		5F849BEF29004179007754B8 /* Debug */ = {
			isa = XCBuildConfiguration;
			buildSettings = {
				ALWAYS_SEARCH_USER_PATHS = NO;
				CLANG_ANALYZER_NONNULL = YES;
				CLANG_ANALYZER_NUMBER_OBJECT_CONVERSION = YES_AGGRESSIVE;
				CLANG_CXX_LANGUAGE_STANDARD = "gnu++17";
				CLANG_ENABLE_MODULES = YES;
				CLANG_ENABLE_OBJC_ARC = YES;
				CLANG_ENABLE_OBJC_WEAK = YES;
				CLANG_WARN_BLOCK_CAPTURE_AUTORELEASING = YES;
				CLANG_WARN_BOOL_CONVERSION = YES;
				CLANG_WARN_COMMA = YES;
				CLANG_WARN_CONSTANT_CONVERSION = YES;
				CLANG_WARN_DEPRECATED_OBJC_IMPLEMENTATIONS = YES;
				CLANG_WARN_DIRECT_OBJC_ISA_USAGE = YES_ERROR;
				CLANG_WARN_DOCUMENTATION_COMMENTS = YES;
				CLANG_WARN_EMPTY_BODY = YES;
				CLANG_WARN_ENUM_CONVERSION = YES;
				CLANG_WARN_INFINITE_RECURSION = YES;
				CLANG_WARN_INT_CONVERSION = YES;
				CLANG_WARN_NON_LITERAL_NULL_CONVERSION = YES;
				CLANG_WARN_OBJC_IMPLICIT_RETAIN_SELF = YES;
				CLANG_WARN_OBJC_LITERAL_CONVERSION = YES;
				CLANG_WARN_OBJC_ROOT_CLASS = YES_ERROR;
				CLANG_WARN_QUOTED_INCLUDE_IN_FRAMEWORK_HEADER = YES;
				CLANG_WARN_RANGE_LOOP_ANALYSIS = YES;
				CLANG_WARN_STRICT_PROTOTYPES = YES;
				CLANG_WARN_SUSPICIOUS_MOVE = YES;
				CLANG_WARN_UNGUARDED_AVAILABILITY = YES_AGGRESSIVE;
				CLANG_WARN_UNREACHABLE_CODE = YES;
				CLANG_WARN__DUPLICATE_METHOD_MATCH = YES;
				COPY_PHASE_STRIP = NO;
				DEBUG_INFORMATION_FORMAT = dwarf;
				ENABLE_STRICT_OBJC_MSGSEND = YES;
				ENABLE_TESTABILITY = YES;
				GCC_C_LANGUAGE_STANDARD = gnu11;
				GCC_DYNAMIC_NO_PIC = NO;
				GCC_NO_COMMON_BLOCKS = YES;
				GCC_OPTIMIZATION_LEVEL = 0;
				GCC_PREPROCESSOR_DEFINITIONS = (
					"DEBUG=1",
					"$(inherited)",
				);
				GCC_WARN_64_TO_32_BIT_CONVERSION = YES;
				GCC_WARN_ABOUT_RETURN_TYPE = YES_ERROR;
				GCC_WARN_UNDECLARED_SELECTOR = YES;
				GCC_WARN_UNINITIALIZED_AUTOS = YES_AGGRESSIVE;
				GCC_WARN_UNUSED_FUNCTION = YES;
				GCC_WARN_UNUSED_VARIABLE = YES;
				IPHONEOS_DEPLOYMENT_TARGET = 15.5;
				MTL_ENABLE_DEBUG_INFO = INCLUDE_SOURCE;
				MTL_FAST_MATH = YES;
				ONLY_ACTIVE_ARCH = YES;
				SDKROOT = iphoneos;
				SWIFT_ACTIVE_COMPILATION_CONDITIONS = DEBUG;
				SWIFT_OPTIMIZATION_LEVEL = "-Onone";
			};
			name = Debug;
		};
		5F849BF029004179007754B8 /* Release */ = {
			isa = XCBuildConfiguration;
			buildSettings = {
				ALWAYS_SEARCH_USER_PATHS = NO;
				CLANG_ANALYZER_NONNULL = YES;
				CLANG_ANALYZER_NUMBER_OBJECT_CONVERSION = YES_AGGRESSIVE;
				CLANG_CXX_LANGUAGE_STANDARD = "gnu++17";
				CLANG_ENABLE_MODULES = YES;
				CLANG_ENABLE_OBJC_ARC = YES;
				CLANG_ENABLE_OBJC_WEAK = YES;
				CLANG_WARN_BLOCK_CAPTURE_AUTORELEASING = YES;
				CLANG_WARN_BOOL_CONVERSION = YES;
				CLANG_WARN_COMMA = YES;
				CLANG_WARN_CONSTANT_CONVERSION = YES;
				CLANG_WARN_DEPRECATED_OBJC_IMPLEMENTATIONS = YES;
				CLANG_WARN_DIRECT_OBJC_ISA_USAGE = YES_ERROR;
				CLANG_WARN_DOCUMENTATION_COMMENTS = YES;
				CLANG_WARN_EMPTY_BODY = YES;
				CLANG_WARN_ENUM_CONVERSION = YES;
				CLANG_WARN_INFINITE_RECURSION = YES;
				CLANG_WARN_INT_CONVERSION = YES;
				CLANG_WARN_NON_LITERAL_NULL_CONVERSION = YES;
				CLANG_WARN_OBJC_IMPLICIT_RETAIN_SELF = YES;
				CLANG_WARN_OBJC_LITERAL_CONVERSION = YES;
				CLANG_WARN_OBJC_ROOT_CLASS = YES_ERROR;
				CLANG_WARN_QUOTED_INCLUDE_IN_FRAMEWORK_HEADER = YES;
				CLANG_WARN_RANGE_LOOP_ANALYSIS = YES;
				CLANG_WARN_STRICT_PROTOTYPES = YES;
				CLANG_WARN_SUSPICIOUS_MOVE = YES;
				CLANG_WARN_UNGUARDED_AVAILABILITY = YES_AGGRESSIVE;
				CLANG_WARN_UNREACHABLE_CODE = YES;
				CLANG_WARN__DUPLICATE_METHOD_MATCH = YES;
				COPY_PHASE_STRIP = NO;
				DEBUG_INFORMATION_FORMAT = "dwarf-with-dsym";
				ENABLE_NS_ASSERTIONS = NO;
				ENABLE_STRICT_OBJC_MSGSEND = YES;
				GCC_C_LANGUAGE_STANDARD = gnu11;
				GCC_NO_COMMON_BLOCKS = YES;
				GCC_WARN_64_TO_32_BIT_CONVERSION = YES;
				GCC_WARN_ABOUT_RETURN_TYPE = YES_ERROR;
				GCC_WARN_UNDECLARED_SELECTOR = YES;
				GCC_WARN_UNINITIALIZED_AUTOS = YES_AGGRESSIVE;
				GCC_WARN_UNUSED_FUNCTION = YES;
				GCC_WARN_UNUSED_VARIABLE = YES;
				IPHONEOS_DEPLOYMENT_TARGET = 15.5;
				MTL_ENABLE_DEBUG_INFO = NO;
				MTL_FAST_MATH = YES;
				SDKROOT = iphoneos;
				SWIFT_COMPILATION_MODE = wholemodule;
				SWIFT_OPTIMIZATION_LEVEL = "-O";
				VALIDATE_PRODUCT = YES;
			};
			name = Release;
		};
		5F849BF229004179007754B8 /* Debug */ = {
			isa = XCBuildConfiguration;
			buildSettings = {
				ASSETCATALOG_COMPILER_APPICON_NAME = AppIcon;
				ASSETCATALOG_COMPILER_GLOBAL_ACCENT_COLOR_NAME = AccentColor;
				CODE_SIGN_STYLE = Automatic;
				CURRENT_PROJECT_VERSION = 1;
				DEVELOPMENT_TEAM = H5CD9J5YPP;
				GENERATE_INFOPLIST_FILE = YES;
				INFOPLIST_FILE = "Display A Number/Info.plist";
				INFOPLIST_KEY_UIApplicationSupportsIndirectInputEvents = YES;
				INFOPLIST_KEY_UILaunchStoryboardName = LaunchScreen;
				INFOPLIST_KEY_UIMainStoryboardFile = Main;
				INFOPLIST_KEY_UISupportedInterfaceOrientations_iPad = "UIInterfaceOrientationPortrait UIInterfaceOrientationPortraitUpsideDown UIInterfaceOrientationLandscapeLeft UIInterfaceOrientationLandscapeRight";
				INFOPLIST_KEY_UISupportedInterfaceOrientations_iPhone = "UIInterfaceOrientationPortrait UIInterfaceOrientationLandscapeLeft UIInterfaceOrientationLandscapeRight";
				LD_RUNPATH_SEARCH_PATHS = (
					"$(inherited)",
					"@executable_path/Frameworks",
				);
				MARKETING_VERSION = 1.0;
				PRODUCT_BUNDLE_IDENTIFIER = "org.d127.230236.Display-A-Number";
				PRODUCT_NAME = "$(TARGET_NAME)";
				SWIFT_EMIT_LOC_STRINGS = YES;
				SWIFT_VERSION = 5.0;
				TARGETED_DEVICE_FAMILY = "1,2";
			};
			name = Debug;
		};
		5F849BF329004179007754B8 /* Release */ = {
			isa = XCBuildConfiguration;
			buildSettings = {
				ASSETCATALOG_COMPILER_APPICON_NAME = AppIcon;
				ASSETCATALOG_COMPILER_GLOBAL_ACCENT_COLOR_NAME = AccentColor;
				CODE_SIGN_STYLE = Automatic;
				CURRENT_PROJECT_VERSION = 1;
				DEVELOPMENT_TEAM = H5CD9J5YPP;
				GENERATE_INFOPLIST_FILE = YES;
				INFOPLIST_FILE = "Display A Number/Info.plist";
				INFOPLIST_KEY_UIApplicationSupportsIndirectInputEvents = YES;
				INFOPLIST_KEY_UILaunchStoryboardName = LaunchScreen;
				INFOPLIST_KEY_UIMainStoryboardFile = Main;
				INFOPLIST_KEY_UISupportedInterfaceOrientations_iPad = "UIInterfaceOrientationPortrait UIInterfaceOrientationPortraitUpsideDown UIInterfaceOrientationLandscapeLeft UIInterfaceOrientationLandscapeRight";
				INFOPLIST_KEY_UISupportedInterfaceOrientations_iPhone = "UIInterfaceOrientationPortrait UIInterfaceOrientationLandscapeLeft UIInterfaceOrientationLandscapeRight";
				LD_RUNPATH_SEARCH_PATHS = (
					"$(inherited)",
					"@executable_path/Frameworks",
				);
				MARKETING_VERSION = 1.0;
				PRODUCT_BUNDLE_IDENTIFIER = "org.d127.230236.Display-A-Number";
				PRODUCT_NAME = "$(TARGET_NAME)";
				SWIFT_EMIT_LOC_STRINGS = YES;
				SWIFT_VERSION = 5.0;
				TARGETED_DEVICE_FAMILY = "1,2";
			};
			name = Release;
		};
		5F849BF529004179007754B8 /* Debug */ = {
			isa = XCBuildConfiguration;
			buildSettings = {
				ALWAYS_EMBED_SWIFT_STANDARD_LIBRARIES = YES;
				BUNDLE_LOADER = "$(TEST_HOST)";
				CODE_SIGN_STYLE = Automatic;
				CURRENT_PROJECT_VERSION = 1;
				DEVELOPMENT_TEAM = H5CD9J5YPP;
				GENERATE_INFOPLIST_FILE = YES;
				IPHONEOS_DEPLOYMENT_TARGET = 15.5;
				MARKETING_VERSION = 1.0;
				PRODUCT_BUNDLE_IDENTIFIER = "org.d127.230236.Display-A-NumberTests";
				PRODUCT_NAME = "$(TARGET_NAME)";
				SWIFT_EMIT_LOC_STRINGS = NO;
				SWIFT_VERSION = 5.0;
				TARGETED_DEVICE_FAMILY = "1,2";
				TEST_HOST = "$(BUILT_PRODUCTS_DIR)/Display A Number.app/Display A Number";
			};
			name = Debug;
		};
		5F849BF629004179007754B8 /* Release */ = {
			isa = XCBuildConfiguration;
			buildSettings = {
				ALWAYS_EMBED_SWIFT_STANDARD_LIBRARIES = YES;
				BUNDLE_LOADER = "$(TEST_HOST)";
				CODE_SIGN_STYLE = Automatic;
				CURRENT_PROJECT_VERSION = 1;
				DEVELOPMENT_TEAM = H5CD9J5YPP;
				GENERATE_INFOPLIST_FILE = YES;
				IPHONEOS_DEPLOYMENT_TARGET = 15.5;
				MARKETING_VERSION = 1.0;
				PRODUCT_BUNDLE_IDENTIFIER = "org.d127.230236.Display-A-NumberTests";
				PRODUCT_NAME = "$(TARGET_NAME)";
				SWIFT_EMIT_LOC_STRINGS = NO;
				SWIFT_VERSION = 5.0;
				TARGETED_DEVICE_FAMILY = "1,2";
				TEST_HOST = "$(BUILT_PRODUCTS_DIR)/Display A Number.app/Display A Number";
			};
			name = Release;
		};
		5F849BF829004179007754B8 /* Debug */ = {
			isa = XCBuildConfiguration;
			buildSettings = {
				ALWAYS_EMBED_SWIFT_STANDARD_LIBRARIES = YES;
				CODE_SIGN_STYLE = Automatic;
				CURRENT_PROJECT_VERSION = 1;
				DEVELOPMENT_TEAM = H5CD9J5YPP;
				GENERATE_INFOPLIST_FILE = YES;
				MARKETING_VERSION = 1.0;
				PRODUCT_BUNDLE_IDENTIFIER = "org.d127.230236.Display-A-NumberUITests";
				PRODUCT_NAME = "$(TARGET_NAME)";
				SWIFT_EMIT_LOC_STRINGS = NO;
				SWIFT_VERSION = 5.0;
				TARGETED_DEVICE_FAMILY = "1,2";
				TEST_TARGET_NAME = "Display A Number";
			};
			name = Debug;
		};
		5F849BF929004179007754B8 /* Release */ = {
			isa = XCBuildConfiguration;
			buildSettings = {
				ALWAYS_EMBED_SWIFT_STANDARD_LIBRARIES = YES;
				CODE_SIGN_STYLE = Automatic;
				CURRENT_PROJECT_VERSION = 1;
				DEVELOPMENT_TEAM = H5CD9J5YPP;
				GENERATE_INFOPLIST_FILE = YES;
				MARKETING_VERSION = 1.0;
				PRODUCT_BUNDLE_IDENTIFIER = "org.d127.230236.Display-A-NumberUITests";
				PRODUCT_NAME = "$(TARGET_NAME)";
				SWIFT_EMIT_LOC_STRINGS = NO;
				SWIFT_VERSION = 5.0;
				TARGETED_DEVICE_FAMILY = "1,2";
				TEST_TARGET_NAME = "Display A Number";
			};
			name = Release;
		};
/* End XCBuildConfiguration section */

/* Begin XCConfigurationList section */
		5F849BC229004178007754B8 /* Build configuration list for PBXProject "Display A Number" */ = {
			isa = XCConfigurationList;
			buildConfigurations = (
				5F849BEF29004179007754B8 /* Debug */,
				5F849BF029004179007754B8 /* Release */,
			);
			defaultConfigurationIsVisible = 0;
			defaultConfigurationName = Release;
		};
		5F849BF129004179007754B8 /* Build configuration list for PBXNativeTarget "Display A Number" */ = {
			isa = XCConfigurationList;
			buildConfigurations = (
				5F849BF229004179007754B8 /* Debug */,
				5F849BF329004179007754B8 /* Release */,
			);
			defaultConfigurationIsVisible = 0;
			defaultConfigurationName = Release;
		};
		5F849BF429004179007754B8 /* Build configuration list for PBXNativeTarget "Display A NumberTests" */ = {
			isa = XCConfigurationList;
			buildConfigurations = (
				5F849BF529004179007754B8 /* Debug */,
				5F849BF629004179007754B8 /* Release */,
			);
			defaultConfigurationIsVisible = 0;
			defaultConfigurationName = Release;
		};
		5F849BF729004179007754B8 /* Build configuration list for PBXNativeTarget "Display A NumberUITests" */ = {
			isa = XCConfigurationList;
			buildConfigurations = (
				5F849BF829004179007754B8 /* Debug */,
				5F849BF929004179007754B8 /* Release */,
			);
			defaultConfigurationIsVisible = 0;
			defaultConfigurationName = Release;
		};
/* End XCConfigurationList section */
	};
	rootObject = 5F849BBF29004178007754B8 /* Project object */;
}
